<?xml version="1.0" encoding="utf-8"?>
<Project ToolsVersion="4.0" xmlns="http://schemas.microsoft.com/developer/msbuild/2003">
  <ItemGroup>
    <Filter Include="Source Files">
      <UniqueIdentifier>{4FC737F1-C7A5-4376-A066-2A32D752A2FF}</UniqueIdentifier>
      <Extensions>cpp;c;cc;cxx;def;odl;idl;hpj;bat;asm;asmx</Extensions>
    </Filter>
    <Filter Include="Header Files">
      <UniqueIdentifier>{93995380-89BD-4b04-88EB-625FBE52EBFB}</UniqueIdentifier>
      <Extensions>h;hh;hpp;hxx;hm;inl;inc;xsd</Extensions>
    </Filter>
    <Filter Include="Resource Files">
      <UniqueIdentifier>{67DA6AB6-F800-4c08-8B7A-83BB121AAD01}</UniqueIdentifier>
      <Extensions>rc;ico;cur;bmp;dlg;rc2;rct;bin;rgs;gif;jpg;jpeg;jpe;resx;tiff;tif;png;wav;mfcribbon-ms</Extensions>
    </Filter>
  </ItemGroup>
  <ItemGroup>
    <ClInclude Include="account.hpp">
      <Filter>Header Files</Filter>
    </ClInclude>
    <ClInclude Include="basic_types.hpp">
      <Filter>Header Files</Filter>
    </ClInclude>
    <ClInclude Include="button.hpp">
      <Filter>Header Files</Filter>
    </ClInclude>
    <ClInclude Include="channel_info.hpp">
      <Filter>Header Files</Filter>
    </ClInclude>
    <ClInclude Include="character_info.hpp">
      <Filter>Header Files</Filter>
    </ClInclude>
    <ClInclude Include="checkbox.hpp">
      <Filter>Header Files</Filter>
    </ClInclude>
    <ClInclude Include="config.hpp">
      <Filter>Header Files</Filter>
    </ClInclude>
    <ClInclude Include="dragonnest.hpp">
      <Filter>Header Files</Filter>
    </ClInclude>
    <ClInclude Include="dragonnest_pool.hpp">
      <Filter>Header Files</Filter>
    </ClInclude>
    <ClInclude Include="field_stage.hpp">
      <Filter>Header Files</Filter>
    </ClInclude>
    <ClInclude Include="generic.hpp">
      <Filter>Header Files</Filter>
    </ClInclude>
    <ClInclude Include="io_packet.hpp">
      <Filter>Header Files</Filter>
    </ClInclude>
    <ClInclude Include="label.hpp">
      <Filter>Header Files</Filter>
    </ClInclude>
    <ClInclude Include="listbox.hpp">
      <Filter>Header Files</Filter>
    </ClInclude>
    <ClInclude Include="listview.hpp">
      <Filter>Header Files</Filter>
    </ClInclude>
    <ClInclude Include="login_stage.hpp">
      <Filter>Header Files</Filter>
    </ClInclude>
    <ClInclude Include="mt_random.hpp">
      <Filter>Header Files</Filter>
    </ClInclude>
    <ClInclude Include="opcodes.hpp">
      <Filter>Header Files</Filter>
    </ClInclude>
    <ClInclude Include="output.hpp">
      <Filter>Header Files</Filter>
    </ClInclude>
    <ClInclude Include="panel.hpp">
      <Filter>Header Files</Filter>
    </ClInclude>
    <ClInclude Include="png_image.hpp">
      <Filter>Header Files</Filter>
    </ClInclude>
    <ClInclude Include="resource.hpp">
      <Filter>Header Files</Filter>
    </ClInclude>
    <ClInclude Include="rudp_connection.hpp">
      <Filter>Header Files</Filter>
    </ClInclude>
    <ClInclude Include="rudp_crypto.hpp">
      <Filter>Header Files</Filter>
    </ClInclude>
    <ClInclude Include="rudp_definitions.hpp">
      <Filter>Header Files</Filter>
    </ClInclude>
    <ClInclude Include="rudp_socket.hpp">
      <Filter>Header Files</Filter>
    </ClInclude>
    <ClInclude Include="rudp_socket_frame.hpp">
      <Filter>Header Files</Filter>
    </ClInclude>
    <ClInclude Include="stage_base.hpp">
      <Filter>Header Files</Filter>
    </ClInclude>
    <ClInclude Include="tab_control.hpp">
      <Filter>Header Files</Filter>
    </ClInclude>
    <ClInclude Include="tcp_socket.hpp">
      <Filter>Header Files</Filter>
    </ClInclude>
    <ClInclude Include="tea_crypto.hpp">
      <Filter>Header Files</Filter>
    </ClInclude>
    <ClInclude Include="textbox.hpp">
      <Filter>Header Files</Filter>
    </ClInclude>
    <ClInclude Include="village_stage.hpp">
      <Filter>Header Files</Filter>
    </ClInclude>
    <ClInclude Include="widget.hpp">
      <Filter>Header Files</Filter>
    </ClInclude>
    <ClInclude Include="world_info.hpp">
      <Filter>Header Files</Filter>
    </ClInclude>
    <ClInclude Include="session.hpp">
      <Filter>Header Files</Filter>
    </ClInclude>
    <ClInclude Include="main_form.hpp">
      <Filter>Header Files</Filter>
    </ClInclude>
  </ItemGroup>
  <ItemGroup>
    <ClCompile Include="basic_types.cpp">
      <Filter>Source Files</Filter>
    </ClCompile>
    <ClCompile Include="dragonnest.cpp">
      <Filter>Source Files</Filter>
    </ClCompile>
    <ClCompile Include="dragonnest_pool.cpp">
      <Filter>Source Files</Filter>
    </ClCompile>
    <ClCompile Include="field_stage.cpp">
      <Filter>Source Files</Filter>
    </ClCompile>
    <ClCompile Include="generic.cpp">
      <Filter>Source Files</Filter>
    </ClCompile>
    <ClCompile Include="io_packet.cpp">
      <Filter>Source Files</Filter>
    </ClCompile>
    <ClCompile Include="login_stage.cpp">
      <Filter>Source Files</Filter>
    </ClCompile>
    <ClCompile Include="main.cpp">
      <Filter>Source Files</Filter>
    </ClCompile>
    <ClCompile Include="mt_random.cpp">
      <Filter>Source Files</Filter>
    </ClCompile>
    <ClCompile Include="output.cpp">
      <Filter>Source Files</Filter>
    </ClCompile>
    <ClCompile Include="png_image.cpp">
      <Filter>Source Files</Filter>
    </ClCompile>
    <ClCompile Include="rudp_connection.cpp">
      <Filter>Source Files</Filter>
    </ClCompile>
    <ClCompile Include="rudp_crypto.cpp">
      <Filter>Source Files</Filter>
    </ClCompile>
    <ClCompile Include="rudp_socket.cpp">
      <Filter>Source Files</Filter>
    </ClCompile>
    <ClCompile Include="rudp_socket_frame.cpp">
      <Filter>Source Files</Filter>
    </ClCompile>
    <ClCompile Include="stage_base.cpp">
      <Filter>Source Files</Filter>
    </ClCompile>
    <ClCompile Include="tcp_socket.cpp">
      <Filter>Source Files</Filter>
    </ClCompile>
    <ClCompile Include="tea_crypto.cpp">
      <Filter>Source Files</Filter>
    </ClCompile>
    <ClCompile Include="village_stage.cpp">
      <Filter>Source Files</Filter>
    </ClCompile>
    <ClCompile Include="widget.cpp">
      <Filter>Source Files</Filter>
    </ClCompile>
    <ClCompile Include="main_form.cpp">
      <Filter>Source Files</Filter>
    </ClCompile>
  </ItemGroup>
  <ItemGroup>
    <ResourceCompile Include="resource.rc">
      <Filter>Resource Files</Filter>
    </ResourceCompile>
  </ItemGroup>
</Project>